
Microsoft Visual Studio Solution File, Format Version 12.00
# Visual Studio 2012
Project("{FAE04EC0-301F-11D3-BF4B-00C04F79EFBC}") = "RegEx", "RegEx\RegEx.csproj", "{0DB7F2A7-DE52-4E4F-AE3B-87E21D21B058}"
EndProject
Global
	GlobalSection(SolutionConfigurationPlatforms) = preSolution
		Debug|Any CPU = Debug|Any CPU
		Release|Any CPU = Release|Any CPU
	EndGlobalSection
	GlobalSection(ProjectConfigurationPlatforms) = postSolution
		{0DB7F2A7-DE52-4E4F-AE3B-87E21D21B058}.Debug|Any CPU.ActiveCfg = Debug|Any CPU
		{0DB7F2A7-DE52-4E4F-AE3B-87E21D21B058}.Debug|Any CPU.Build.0 = Debug|Any CPU
		{0DB7F2A7-DE52-4E4F-AE3B-87E21D21B058}.Release|Any CPU.ActiveCfg = Release|Any CPU
		{0DB7F2A7-DE52-4E4F-AE3B-87E21D21B058}.Release|Any CPU.Build.0 = Release|Any CPU
	EndGlobalSection
	GlobalSection(SolutionProperties) = preSolution
		HideSolutionNode = FALSE
	EndGlobalSection
EndGlobal
